
Microsoft Visual Studio Solution File, Format Version 12.00
# Visual Studio 14
VisualStudioVersion = 14.0.25420.1
MinimumVisualStudioVersion = 10.0.40219.1
Project("{2150E333-8FDC-42A3-9474-1A3956D46DE8}") = "tests", "tests", "{7A1D050F-ECE3-4F5C-9055-898EF08C9EEF}"
EndProject
Project("{2150E333-8FDC-42A3-9474-1A3956D46DE8}") = "src", "src", "{B2ED7136-F8AE-47E1-85CE-76FECA375A58}"
EndProject
Project("{FAE04EC0-301F-11D3-BF4B-00C04F79EFBC}") = "PerfTests", "tests\PerfTests\PerfTests.csproj", "{06E3ACE5-949F-45E9-A703-9E281EC49F53}"
EndProject
Project("{FAE04EC0-301F-11D3-BF4B-00C04F79EFBC}") = "MemoryTests", "tests\MemoryTests\MemoryTests.csproj", "{F5B4723C-81BF-4F29-90AE-7BC8632DE571}"
EndProject
Project("{FAE04EC0-301F-11D3-BF4B-00C04F79EFBC}") = "ExpressDI", "src\ExpressDI2\ExpressDI.csproj", "{0890037B-7C2E-4AC0-931A-2BD6E73B7FAC}"
EndProject
Project("{FAE04EC0-301F-11D3-BF4B-00C04F79EFBC}") = "UnsafeTest", "src\UnsafeTest\UnsafeTest.csproj", "{A0450050-1194-446F-99AB-2E9213CBD99A}"
EndProject
Global
	GlobalSection(Performance) = preSolution
		HasPerformanceSessions = true
	EndGlobalSection
	GlobalSection(SolutionConfigurationPlatforms) = preSolution
		Debug|Any CPU = Debug|Any CPU
		Release|Any CPU = Release|Any CPU
	EndGlobalSection
	GlobalSection(ProjectConfigurationPlatforms) = postSolution
		{06E3ACE5-949F-45E9-A703-9E281EC49F53}.Debug|Any CPU.ActiveCfg = Debug|Any CPU
		{06E3ACE5-949F-45E9-A703-9E281EC49F53}.Debug|Any CPU.Build.0 = Debug|Any CPU
		{06E3ACE5-949F-45E9-A703-9E281EC49F53}.Release|Any CPU.ActiveCfg = Release|Any CPU
		{06E3ACE5-949F-45E9-A703-9E281EC49F53}.Release|Any CPU.Build.0 = Release|Any CPU
		{F5B4723C-81BF-4F29-90AE-7BC8632DE571}.Debug|Any CPU.ActiveCfg = Debug|Any CPU
		{F5B4723C-81BF-4F29-90AE-7BC8632DE571}.Debug|Any CPU.Build.0 = Debug|Any CPU
		{F5B4723C-81BF-4F29-90AE-7BC8632DE571}.Release|Any CPU.ActiveCfg = Release|Any CPU
		{F5B4723C-81BF-4F29-90AE-7BC8632DE571}.Release|Any CPU.Build.0 = Release|Any CPU
		{0890037B-7C2E-4AC0-931A-2BD6E73B7FAC}.Debug|Any CPU.ActiveCfg = Debug|Any CPU
		{0890037B-7C2E-4AC0-931A-2BD6E73B7FAC}.Debug|Any CPU.Build.0 = Debug|Any CPU
		{0890037B-7C2E-4AC0-931A-2BD6E73B7FAC}.Release|Any CPU.ActiveCfg = Release|Any CPU
		{0890037B-7C2E-4AC0-931A-2BD6E73B7FAC}.Release|Any CPU.Build.0 = Release|Any CPU
		{A0450050-1194-446F-99AB-2E9213CBD99A}.Debug|Any CPU.ActiveCfg = Debug|Any CPU
		{A0450050-1194-446F-99AB-2E9213CBD99A}.Debug|Any CPU.Build.0 = Debug|Any CPU
		{A0450050-1194-446F-99AB-2E9213CBD99A}.Release|Any CPU.ActiveCfg = Release|Any CPU
		{A0450050-1194-446F-99AB-2E9213CBD99A}.Release|Any CPU.Build.0 = Release|Any CPU
	EndGlobalSection
	GlobalSection(SolutionProperties) = preSolution
		HideSolutionNode = FALSE
	EndGlobalSection
	GlobalSection(NestedProjects) = preSolution
		{06E3ACE5-949F-45E9-A703-9E281EC49F53} = {7A1D050F-ECE3-4F5C-9055-898EF08C9EEF}
		{F5B4723C-81BF-4F29-90AE-7BC8632DE571} = {7A1D050F-ECE3-4F5C-9055-898EF08C9EEF}
		{0890037B-7C2E-4AC0-931A-2BD6E73B7FAC} = {B2ED7136-F8AE-47E1-85CE-76FECA375A58}
		{A0450050-1194-446F-99AB-2E9213CBD99A} = {B2ED7136-F8AE-47E1-85CE-76FECA375A58}
	EndGlobalSection
EndGlobal
