
Microsoft Visual Studio Solution File, Format Version 12.00
# Visual Studio 14
VisualStudioVersion = 14.0.25420.1
MinimumVisualStudioVersion = 10.0.40219.1
Project("{2150E333-8FDC-42A3-9474-1A3956D46DE8}") = "tests", "tests", "{7A1D050F-ECE3-4F5C-9055-898EF08C9EEF}"
EndProject
Project("{2150E333-8FDC-42A3-9474-1A3956D46DE8}") = "src", "src", "{B2ED7136-F8AE-47E1-85CE-76FECA375A58}"
EndProject
Project("{FAE04EC0-301F-11D3-BF4B-00C04F79EFBC}") = "ExpressDI", "src\ExpressDI\ExpressDI.csproj", "{1B3350EA-2770-48E4-84F9-B54B167F79BF}"
EndProject
Project("{FAE04EC0-301F-11D3-BF4B-00C04F79EFBC}") = "PerfTests", "tests\PerfTests\PerfTests.csproj", "{06E3ACE5-949F-45E9-A703-9E281EC49F53}"
EndProject
Global
	GlobalSection(Performance) = preSolution
		HasPerformanceSessions = true
	EndGlobalSection
	GlobalSection(SolutionConfigurationPlatforms) = preSolution
		Debug|Any CPU = Debug|Any CPU
		Release|Any CPU = Release|Any CPU
	EndGlobalSection
	GlobalSection(ProjectConfigurationPlatforms) = postSolution
		{1B3350EA-2770-48E4-84F9-B54B167F79BF}.Debug|Any CPU.ActiveCfg = Debug|Any CPU
		{1B3350EA-2770-48E4-84F9-B54B167F79BF}.Debug|Any CPU.Build.0 = Debug|Any CPU
		{1B3350EA-2770-48E4-84F9-B54B167F79BF}.Release|Any CPU.ActiveCfg = Release|Any CPU
		{1B3350EA-2770-48E4-84F9-B54B167F79BF}.Release|Any CPU.Build.0 = Release|Any CPU
		{06E3ACE5-949F-45E9-A703-9E281EC49F53}.Debug|Any CPU.ActiveCfg = Debug|Any CPU
		{06E3ACE5-949F-45E9-A703-9E281EC49F53}.Debug|Any CPU.Build.0 = Debug|Any CPU
		{06E3ACE5-949F-45E9-A703-9E281EC49F53}.Release|Any CPU.ActiveCfg = Release|Any CPU
		{06E3ACE5-949F-45E9-A703-9E281EC49F53}.Release|Any CPU.Build.0 = Release|Any CPU
	EndGlobalSection
	GlobalSection(SolutionProperties) = preSolution
		HideSolutionNode = FALSE
	EndGlobalSection
	GlobalSection(NestedProjects) = preSolution
		{1B3350EA-2770-48E4-84F9-B54B167F79BF} = {B2ED7136-F8AE-47E1-85CE-76FECA375A58}
		{06E3ACE5-949F-45E9-A703-9E281EC49F53} = {7A1D050F-ECE3-4F5C-9055-898EF08C9EEF}
	EndGlobalSection
EndGlobal
